
Microsoft Visual Studio Solution File, Format Version 12.00
# Visual Studio 15
VisualStudioVersion = 15.0.28010.2046
MinimumVisualStudioVersion = 10.0.40219.1
Project("{8BC9CEB8-8B4A-11D0-8D11-00A0C91BC942}") = "DllWithResources", "DllWithResources\DllWithResources.vcxproj", "{2D5E653D-4D37-4585-8E97-27E403B706FD}"
EndProject
Global
	GlobalSection(SolutionConfigurationPlatforms) = preSolution
		Debug|x64 = Debug|x64
		Debug|x86 = Debug|x86
		Release|x64 = Release|x64
		Release|x86 = Release|x86
	EndGlobalSection
	GlobalSection(ProjectConfigurationPlatforms) = postSolution
		{2D5E653D-4D37-4585-8E97-27E403B706FD}.Debug|x64.ActiveCfg = Debug|x64
		{2D5E653D-4D37-4585-8E97-27E403B706FD}.Debug|x64.Build.0 = Debug|x64
		{2D5E653D-4D37-4585-8E97-27E403B706FD}.Debug|x86.ActiveCfg = Debug|Win32
		{2D5E653D-4D37-4585-8E97-27E403B706FD}.Debug|x86.Build.0 = Debug|Win32
		{2D5E653D-4D37-4585-8E97-27E403B706FD}.Release|x64.ActiveCfg = Release|x64
		{2D5E653D-4D37-4585-8E97-27E403B706FD}.Release|x64.Build.0 = Release|x64
		{2D5E653D-4D37-4585-8E97-27E403B706FD}.Release|x86.ActiveCfg = Release|Win32
		{2D5E653D-4D37-4585-8E97-27E403B706FD}.Release|x86.Build.0 = Release|Win32
	EndGlobalSection
	GlobalSection(SolutionProperties) = preSolution
		HideSolutionNode = FALSE
	EndGlobalSection
	GlobalSection(ExtensibilityGlobals) = postSolution
		SolutionGuid = {7DF0F422-9A2B-45C2-8A6E-D9B17F6EA416}
	EndGlobalSection
EndGlobal
