Microsoft Visual Studio Solution File, Format Version 12.00
# Visual Studio 2012
Project("{FAE04EC0-301F-11D3-BF4B-00C04F79EFBC}") = "MSDNMagNSEBase", "MSDNMagNSEBase.csproj", "{7E61DC48-4FFE-444E-A8B6-580C9817A402}"
EndProject
Project("{FAE04EC0-301F-11D3-BF4B-00C04F79EFBC}") = "MSDNMagazineSampleNamespaceExtension", "..\MSDNMagazineSampleNamespaceExtension\MSDNMagazineSampleNamespaceExtension.csproj", "{EA486273-39BE-4151-B11A-59BED3250774}"
EndProject
Global
	GlobalSection(SolutionConfigurationPlatforms) = preSolution
		Debug|Any CPU = Debug|Any CPU
		Release|Any CPU = Release|Any CPU
	EndGlobalSection
	GlobalSection(ProjectConfigurationPlatforms) = postSolution
		{7E61DC48-4FFE-444E-A8B6-580C9817A402}.Debug|Any CPU.ActiveCfg = Debug|Any CPU
		{7E61DC48-4FFE-444E-A8B6-580C9817A402}.Debug|Any CPU.Build.0 = Debug|Any CPU
		{7E61DC48-4FFE-444E-A8B6-580C9817A402}.Release|Any CPU.ActiveCfg = Release|Any CPU
		{7E61DC48-4FFE-444E-A8B6-580C9817A402}.Release|Any CPU.Build.0 = Release|Any CPU
		{EA486273-39BE-4151-B11A-59BED3250774}.Debug|Any CPU.ActiveCfg = Debug|Any CPU
		{EA486273-39BE-4151-B11A-59BED3250774}.Debug|Any CPU.Build.0 = Debug|Any CPU
		{EA486273-39BE-4151-B11A-59BED3250774}.Release|Any CPU.ActiveCfg = Release|Any CPU
		{EA486273-39BE-4151-B11A-59BED3250774}.Release|Any CPU.Build.0 = Release|Any CPU
	EndGlobalSection
	GlobalSection(SolutionProperties) = preSolution
		HideSolutionNode = FALSE
	EndGlobalSection
EndGlobal
