<?xml version="1.0" encoding="utf-8"?>
<Project ToolsVersion="4.0" xmlns="http://schemas.microsoft.com/developer/msbuild/2003">
  <ItemGroup>
    <Filter Include="Source Files">
      <UniqueIdentifier>{4afff1ed-8ad5-4ddd-a9d7-aaa018e26cd2}</UniqueIdentifier>
      <Extensions>cpp;c;cxx;def;odl;idl;hpj;bat;asm</Extensions>
    </Filter>
    <Filter Include="Header Files">
      <UniqueIdentifier>{21dfaef2-1f4d-4ff5-bd4a-4ec7fbdd9c7d}</UniqueIdentifier>
      <Extensions>h;hpp;hxx;hm;inl;inc</Extensions>
    </Filter>
    <Filter Include="Resource Files">
      <UniqueIdentifier>{9dac7dc4-caff-4bf0-b489-68f537aa5f81}</UniqueIdentifier>
      <Extensions>rc;ico;cur;bmp;dlg;rc2;rct;bin;rgs;gif;jpg;jpeg;jpe</Extensions>
    </Filter>
  </ItemGroup>
  <ItemGroup>
    <ClCompile Include="Category.cpp">
      <Filter>Source Files</Filter>
    </ClCompile>
    <ClCompile Include="ContextMenu.cpp">
      <Filter>Source Files</Filter>
    </ClCompile>
    <ClCompile Include="Dll.cpp">
      <Filter>Source Files</Filter>
    </ClCompile>
    <ClCompile Include="ExplorerDataProvider.cpp">
      <Filter>Source Files</Filter>
    </ClCompile>
    <ClCompile Include="fvcommands.cpp">
      <Filter>Source Files</Filter>
    </ClCompile>
    <ClCompile Include="Utils.cpp">
      <Filter>Source Files</Filter>
    </ClCompile>
  </ItemGroup>
  <ItemGroup>
    <None Include="ExplorerDataProvider.def">
      <Filter>Source Files</Filter>
    </None>
  </ItemGroup>
  <ItemGroup>
    <ClInclude Include="Category.h">
      <Filter>Header Files</Filter>
    </ClInclude>
    <ClInclude Include="fvcommands.h">
      <Filter>Header Files</Filter>
    </ClInclude>
    <ClInclude Include="Guid.h">
      <Filter>Header Files</Filter>
    </ClInclude>
    <ClInclude Include="resource.h">
      <Filter>Header Files</Filter>
    </ClInclude>
    <ClInclude Include="Utils.h">
      <Filter>Header Files</Filter>
    </ClInclude>
  </ItemGroup>
  <ItemGroup>
    <ResourceCompile Include="ExplorerDataProvider.rc">
      <Filter>Resource Files</Filter>
    </ResourceCompile>
  </ItemGroup>
</Project>